PODS:
  - Alamofire (5.4.1)
  - Kingfisher (6.2.1)

DEPENDENCIES:
  - Alamofire
  - Kingfisher

SPEC REPOS:
  trunk:
    - Alamofire
    - Kingfisher

SPEC CHECKSUMS:
  Alamofire: 2291f7d21ca607c491dd17642e5d40fdcda0e65c
  Kingfisher: e71c6fac2aebb1262888cabc2cb13d313362a48f

PODFILE CHECKSUM: d76b3b26d93f4a599ad9c010a0b1db743e214dbf

COCOAPODS: 1.10.0
